// !$*UTF8*$!
{
	archiveVersion = 1;
	classes = {
	};
	objectVersion = 50;
	objects = {

/* Begin PBXBuildFile section */
		BC13A2942407D23D007A475E /* AppDelegate.swift in Sources */ = {isa = PBXBuildFile; fileRef = BC13A2932407D23D007A475E /* AppDelegate.swift */; };
		BC13A2962407D23D007A475E /* SceneDelegate.swift in Sources */ = {isa = PBXBuildFile; fileRef = BC13A2952407D23D007A475E /* SceneDelegate.swift */; };
		BC13A2982407D23D007A475E /* ViewController.swift in Sources */ = {isa = PBXBuildFile; fileRef = BC13A2972407D23D007A475E /* ViewController.swift */; };
		BC13A29B2407D23D007A475E /* Main.storyboard in Resources */ = {isa = PBXBuildFile; fileRef = BC13A2992407D23D007A475E /* Main.storyboard */; };
		BC13A29D2407D23E007A475E /* Assets.xcassets in Resources */ = {isa = PBXBuildFile; fileRef = BC13A29C2407D23E007A475E /* Assets.xcassets */; };
		BC13A2A02407D23E007A475E /* LaunchScreen.storyboard in Resources */ = {isa = PBXBuildFile; fileRef = BC13A29E2407D23E007A475E /* LaunchScreen.storyboard */; };
		BC13A2A82407D512007A475E /* CalModel.swift in Sources */ = {isa = PBXBuildFile; fileRef = BC13A2A72407D512007A475E /* CalModel.swift */; };
/* End PBXBuildFile section */

/* Begin PBXFileReference section */
		BC13A2902407D23D007A475E /* Caculator_Test_Alpha.app */ = {isa = PBXFileReference; explicitFileType = wrapper.application; includeInIndex = 0; path = Caculator_Test_Alpha.app; sourceTree = BUILT_PRODUCTS_DIR; };
		BC13A2932407D23D007A475E /* AppDelegate.swift */ = {isa = PBXFileReference; lastKnownFileType = sourcecode.swift; path = AppDelegate.swift; sourceTree = "<group>"; };
		BC13A2952407D23D007A475E /* SceneDelegate.swift */ = {isa = PBXFileReference; lastKnownFileType = sourcecode.swift; path = SceneDelegate.swift; sourceTree = "<group>"; };
		BC13A2972407D23D007A475E /* ViewController.swift */ = {isa = PBXFileReference; lastKnownFileType = sourcecode.swift; path = ViewController.swift; sourceTree = "<group>"; };
		BC13A29A2407D23D007A475E /* Base */ = {isa = PBXFileReference; lastKnownFileType = file.storyboard; name = Base; path = Base.lproj/Main.storyboard; sourceTree = "<group>"; };
		BC13A29C2407D23E007A475E /* Assets.xcassets */ = {isa = PBXFileReference; lastKnownFileType = folder.assetcatalog; path = Assets.xcassets; sourceTree = "<group>"; };
		BC13A29F2407D23E007A475E /* Base */ = {isa = PBXFileReference; lastKnownFileType = file.storyboard; name = Base; path = Base.lproj/LaunchScreen.storyboard; sourceTree = "<group>"; };
		BC13A2A12407D23E007A475E /* Info.plist */ = {isa = PBXFileReference; lastKnownFileType = text.plist.xml; path = Info.plist; sourceTree = "<group>"; };
		BC13A2A72407D512007A475E /* CalModel.swift */ = {isa = PBXFileReference; lastKnownFileType = sourcecode.swift; path = CalModel.swift; sourceTree = "<group>"; };
/* End PBXFileReference section */

/* Begin PBXFrameworksBuildPhase section */
		BC13A28D2407D23D007A475E /* Frameworks */ = {
			isa = PBXFrameworksBuildPhase;
			buildActionMask = 2147483647;
			files = (
			);
			runOnlyForDeploymentPostprocessing = 0;
		};
/* End PBXFrameworksBuildPhase section */

/* Begin PBXGroup section */
		BC13A2872407D23D007A475E = {
			isa = PBXGroup;
			children = (
				BC13A2922407D23D007A475E /* Caculator_Test_Alpha */,
				BC13A2912407D23D007A475E /* Products */,
			);
			sourceTree = "<group>";
		};
		BC13A2912407D23D007A475E /* Products */ = {
			isa = PBXGroup;
			children = (
				BC13A2902407D23D007A475E /* Caculator_Test_Alpha.app */,
			);
			name = Products;
			sourceTree = "<group>";
		};
		BC13A2922407D23D007A475E /* Caculator_Test_Alpha */ = {
			isa = PBXGroup;
			children = (
				BC13A2932407D23D007A475E /* AppDelegate.swift */,
				BC13A2952407D23D007A475E /* SceneDelegate.swift */,
				BC13A2972407D23D007A475E /* ViewController.swift */,
				BC13A2A72407D512007A475E /* CalModel.swift */,
				BC13A2992407D23D007A475E /* Main.storyboard */,
				BC13A29C2407D23E007A475E /* Assets.xcassets */,
				BC13A29E2407D23E007A475E /* LaunchScreen.storyboard */,
				BC13A2A12407D23E007A475E /* Info.plist */,
			);
			path = Caculator_Test_Alpha;
			sourceTree = "<group>";
		};
/* End PBXGroup section */

/* Begin PBXNativeTarget section */
		BC13A28F2407D23D007A475E /* Caculator_Test_Alpha */ = {
			isa = PBXNativeTarget;
			buildConfigurationList = BC13A2A42407D23E007A475E /* Build configuration list for PBXNativeTarget "Caculator_Test_Alpha" */;
			buildPhases = (
				BC13A28C2407D23D007A475E /* Sources */,
				BC13A28D2407D23D007A475E /* Frameworks */,
				BC13A28E2407D23D007A475E /* Resources */,
			);
			buildRules = (
			);
			dependencies = (
			);
			name = Caculator_Test_Alpha;
			productName = Caculator_Test_Alpha;
			productReference = BC13A2902407D23D007A475E /* Caculator_Test_Alpha.app */;
			productType = "com.apple.product-type.application";
		};
/* End PBXNativeTarget section */

/* Begin PBXProject section */
		BC13A2882407D23D007A475E /* Project object */ = {
			isa = PBXProject;
			attributes = {
				LastSwiftUpdateCheck = 1130;
				LastUpgradeCheck = 1130;
				ORGANIZATIONNAME = "王鲲宇";
				TargetAttributes = {
					BC13A28F2407D23D007A475E = {
						CreatedOnToolsVersion = 11.3.1;
					};
				};
			};
			buildConfigurationList = BC13A28B2407D23D007A475E /* Build configuration list for PBXProject "Caculator_Test_Alpha" */;
			compatibilityVersion = "Xcode 9.3";
			developmentRegion = en;
			hasScannedForEncodings = 0;
			knownRegions = (
				en,
				Base,
			);
			mainGroup = BC13A2872407D23D007A475E;
			productRefGroup = BC13A2912407D23D007A475E /* Products */;
			projectDirPath = "";
			projectRoot = "";
			targets = (
				BC13A28F2407D23D007A475E /* Caculator_Test_Alpha */,
			);
		};
/* End PBXProject section */

/* Begin PBXResourcesBuildPhase section */
		BC13A28E2407D23D007A475E /* Resources */ = {
			isa = PBXResourcesBuildPhase;
			buildActionMask = 2147483647;
			files = (
				BC13A2A02407D23E007A475E /* LaunchScreen.storyboard in Resources */,
				BC13A29D2407D23E007A475E /* Assets.xcassets in Resources */,
				BC13A29B2407D23D007A475E /* Main.storyboard in Resources */,
			);
			runOnlyForDeploymentPostprocessing = 0;
		};
/* End PBXResourcesBuildPhase section */

/* Begin PBXSourcesBuildPhase section */
		BC13A28C2407D23D007A475E /* Sources */ = {
			isa = PBXSourcesBuildPhase;
			buildActionMask = 2147483647;
			files = (
				BC13A2982407D23D007A475E /* ViewController.swift in Sources */,
				BC13A2942407D23D007A475E /* AppDelegate.swift in Sources */,
				BC13A2A82407D512007A475E /* CalModel.swift in Sources */,
				BC13A2962407D23D007A475E /* SceneDelegate.swift in Sources */,
			);
			runOnlyForDeploymentPostprocessing = 0;
		};
/* End PBXSourcesBuildPhase section */

/* Begin PBXVariantGroup section */
		BC13A2992407D23D007A475E /* Main.storyboard */ = {
			isa = PBXVariantGroup;
			children = (
				BC13A29A2407D23D007A475E /* Base */,
			);
			name = Main.storyboard;
			sourceTree = "<group>";
		};
		BC13A29E2407D23E007A475E /* LaunchScreen.storyboard */ = {
			isa = PBXVariantGroup;
			children = (
				BC13A29F2407D23E007A475E /* Base */,
			);
			name = LaunchScreen.storyboard;
			sourceTree = "<group>";
		};
/* End PBXVariantGroup section */

/* Begin XCBuildConfiguration section */
		BC13A2A22407D23E007A475E /* Debug */ = {
			isa = XCBuildConfiguration;
			buildSettings = {
				ALWAYS_SEARCH_USER_PATHS = NO;
				CLANG_ANALYZER_NONNULL = YES;
				CLANG_ANALYZER_NUMBER_OBJECT_CONVERSION = YES_AGGRESSIVE;
				CLANG_CXX_LANGUAGE_STANDARD = "gnu++14";
				CLANG_CXX_LIBRARY = "libc++";
				CLANG_ENABLE_MODULES = YES;
				CLANG_ENABLE_OBJC_ARC = YES;
				CLANG_ENABLE_OBJC_WEAK = YES;
				CLANG_WARN_BLOCK_CAPTURE_AUTORELEASING = YES;
				CLANG_WARN_BOOL_CONVERSION = YES;
				CLANG_WARN_COMMA = YES;
				CLANG_WARN_CONSTANT_CONVERSION = YES;
				CLANG_WARN_DEPRECATED_OBJC_IMPLEMENTATIONS = YES;
				CLANG_WARN_DIRECT_OBJC_ISA_USAGE = YES_ERROR;
				CLANG_WARN_DOCUMENTATION_COMMENTS = YES;
				CLANG_WARN_EMPTY_BODY = YES;
				CLANG_WARN_ENUM_CONVERSION = YES;
				CLANG_WARN_INFINITE_RECURSION = YES;
				CLANG_WARN_INT_CONVERSION = YES;
				CLANG_WARN_NON_LITERAL_NULL_CONVERSION = YES;
				CLANG_WARN_OBJC_IMPLICIT_RETAIN_SELF = YES;
				CLANG_WARN_OBJC_LITERAL_CONVERSION = YES;
				CLANG_WARN_OBJC_ROOT_CLASS = YES_ERROR;
				CLANG_WARN_RANGE_LOOP_ANALYSIS = YES;
				CLANG_WARN_STRICT_PROTOTYPES = YES;
				CLANG_WARN_SUSPICIOUS_MOVE = YES;
				CLANG_WARN_UNGUARDED_AVAILABILITY = YES_AGGRESSIVE;
				CLANG_WARN_UNREACHABLE_CODE = YES;
				CLANG_WARN__DUPLICATE_METHOD_MATCH = YES;
				COPY_PHASE_STRIP = NO;
				DEBUG_INFORMATION_FORMAT = dwarf;
				ENABLE_STRICT_OBJC_MSGSEND = YES;
				ENABLE_TESTABILITY = YES;
				GCC_C_LANGUAGE_STANDARD = gnu11;
				GCC_DYNAMIC_NO_PIC = NO;
				GCC_NO_COMMON_BLOCKS = YES;
				GCC_OPTIMIZATION_LEVEL = 0;
				GCC_PREPROCESSOR_DEFINITIONS = (
					"DEBUG=1",
					"$(inherited)",
				);
				GCC_WARN_64_TO_32_BIT_CONVERSION = YES;
				GCC_WARN_ABOUT_RETURN_TYPE = YES_ERROR;
				GCC_WARN_UNDECLARED_SELECTOR = YES;
				GCC_WARN_UNINITIALIZED_AUTOS = YES_AGGRESSIVE;
				GCC_WARN_UNUSED_FUNCTION = YES;
				GCC_WARN_UNUSED_VARIABLE = YES;
				IPHONEOS_DEPLOYMENT_TARGET = 13.2;
				MTL_ENABLE_DEBUG_INFO = INCLUDE_SOURCE;
				MTL_FAST_MATH = YES;
				ONLY_ACTIVE_ARCH = YES;
				SDKROOT = iphoneos;
				SWIFT_ACTIVE_COMPILATION_CONDITIONS = DEBUG;
				SWIFT_OPTIMIZATION_LEVEL = "-Onone";
			};
			name = Debug;
		};
		BC13A2A32407D23E007A475E /* Release */ = {
			isa = XCBuildConfiguration;
			buildSettings = {
				ALWAYS_SEARCH_USER_PATHS = NO;
				CLANG_ANALYZER_NONNULL = YES;
				CLANG_ANALYZER_NUMBER_OBJECT_CONVERSION = YES_AGGRESSIVE;
				CLANG_CXX_LANGUAGE_STANDARD = "gnu++14";
				CLANG_CXX_LIBRARY = "libc++";
				CLANG_ENABLE_MODULES = YES;
				CLANG_ENABLE_OBJC_ARC = YES;
				CLANG_ENABLE_OBJC_WEAK = YES;
				CLANG_WARN_BLOCK_CAPTURE_AUTORELEASING = YES;
				CLANG_WARN_BOOL_CONVERSION = YES;
				CLANG_WARN_COMMA = YES;
				CLANG_WARN_CONSTANT_CONVERSION = YES;
				CLANG_WARN_DEPRECATED_OBJC_IMPLEMENTATIONS = YES;
				CLANG_WARN_DIRECT_OBJC_ISA_USAGE = YES_ERROR;
				CLANG_WARN_DOCUMENTATION_COMMENTS = YES;
				CLANG_WARN_EMPTY_BODY = YES;
				CLANG_WARN_ENUM_CONVERSION = YES;
				CLANG_WARN_INFINITE_RECURSION = YES;
				CLANG_WARN_INT_CONVERSION = YES;
				CLANG_WARN_NON_LITERAL_NULL_CONVERSION = YES;
				CLANG_WARN_OBJC_IMPLICIT_RETAIN_SELF = YES;
				CLANG_WARN_OBJC_LITERAL_CONVERSION = YES;
				CLANG_WARN_OBJC_ROOT_CLASS = YES_ERROR;
				CLANG_WARN_RANGE_LOOP_ANALYSIS = YES;
				CLANG_WARN_STRICT_PROTOTYPES = YES;
				CLANG_WARN_SUSPICIOUS_MOVE = YES;
				CLANG_WARN_UNGUARDED_AVAILABILITY = YES_AGGRESSIVE;
				CLANG_WARN_UNREACHABLE_CODE = YES;
				CLANG_WARN__DUPLICATE_METHOD_MATCH = YES;
				COPY_PHASE_STRIP = NO;
				DEBUG_INFORMATION_FORMAT = "dwarf-with-dsym";
				ENABLE_NS_ASSERTIONS = NO;
				ENABLE_STRICT_OBJC_MSGSEND = YES;
				GCC_C_LANGUAGE_STANDARD = gnu11;
				GCC_NO_COMMON_BLOCKS = YES;
				GCC_WARN_64_TO_32_BIT_CONVERSION = YES;
				GCC_WARN_ABOUT_RETURN_TYPE = YES_ERROR;
				GCC_WARN_UNDECLARED_SELECTOR = YES;
				GCC_WARN_UNINITIALIZED_AUTOS = YES_AGGRESSIVE;
				GCC_WARN_UNUSED_FUNCTION = YES;
				GCC_WARN_UNUSED_VARIABLE = YES;
				IPHONEOS_DEPLOYMENT_TARGET = 13.2;
				MTL_ENABLE_DEBUG_INFO = NO;
				MTL_FAST_MATH = YES;
				SDKROOT = iphoneos;
				SWIFT_COMPILATION_MODE = wholemodule;
				SWIFT_OPTIMIZATION_LEVEL = "-O";
				VALIDATE_PRODUCT = YES;
			};
			name = Release;
		};
		BC13A2A52407D23E007A475E /* Debug */ = {
			isa = XCBuildConfiguration;
			buildSettings = {
				ASSETCATALOG_COMPILER_APPICON_NAME = AppIcon;
				CODE_SIGN_STYLE = Automatic;
				DEVELOPMENT_TEAM = N2T3DA4Y6S;
				INFOPLIST_FILE = Caculator_Test_Alpha/Info.plist;
				LD_RUNPATH_SEARCH_PATHS = (
					"$(inherited)",
					"@executable_path/Frameworks",
				);
				PRODUCT_BUNDLE_IDENTIFIER = "icu.spwingy.Caculator-Test-Alpha";
				PRODUCT_NAME = "$(TARGET_NAME)";
				SWIFT_VERSION = 5.0;
				TARGETED_DEVICE_FAMILY = "1,2";
			};
			name = Debug;
		};
		BC13A2A62407D23E007A475E /* Release */ = {
			isa = XCBuildConfiguration;
			buildSettings = {
				ASSETCATALOG_COMPILER_APPICON_NAME = AppIcon;
				CODE_SIGN_STYLE = Automatic;
				DEVELOPMENT_TEAM = N2T3DA4Y6S;
				INFOPLIST_FILE = Caculator_Test_Alpha/Info.plist;
				LD_RUNPATH_SEARCH_PATHS = (
					"$(inherited)",
					"@executable_path/Frameworks",
				);
				PRODUCT_BUNDLE_IDENTIFIER = "icu.spwingy.Caculator-Test-Alpha";
				PRODUCT_NAME = "$(TARGET_NAME)";
				SWIFT_VERSION = 5.0;
				TARGETED_DEVICE_FAMILY = "1,2";
			};
			name = Release;
		};
/* End XCBuildConfiguration section */

/* Begin XCConfigurationList section */
		BC13A28B2407D23D007A475E /* Build configuration list for PBXProject "Caculator_Test_Alpha" */ = {
			isa = XCConfigurationList;
			buildConfigurations = (
				BC13A2A22407D23E007A475E /* Debug */,
				BC13A2A32407D23E007A475E /* Release */,
			);
			defaultConfigurationIsVisible = 0;
			defaultConfigurationName = Release;
		};
		BC13A2A42407D23E007A475E /* Build configuration list for PBXNativeTarget "Caculator_Test_Alpha" */ = {
			isa = XCConfigurationList;
			buildConfigurations = (
				BC13A2A52407D23E007A475E /* Debug */,
				BC13A2A62407D23E007A475E /* Release */,
			);
			defaultConfigurationIsVisible = 0;
			defaultConfigurationName = Release;
		};
/* End XCConfigurationList section */
	};
	rootObject = BC13A2882407D23D007A475E /* Project object */;
}
